// !$*UTF8*$!
{
	archiveVersion = 1;
	classes = {
	};
	objectVersion = 48;
	objects = {

/* Begin PBXBuildFile section */
		1F1BC0C6205B68A700D8CFBE /* AppDelegate.swift in Sources */ = {isa = PBXBuildFile; fileRef = 1F1BC0C5205B68A700D8CFBE /* AppDelegate.swift */; };
		1F1BC0C8205B68A700D8CFBE /* ViewController.swift in Sources */ = {isa = PBXBuildFile; fileRef = 1F1BC0C7205B68A700D8CFBE /* ViewController.swift */; };
		1F1BC0CB205B68A700D8CFBE /* Main.storyboard in Resources */ = {isa = PBXBuildFile; fileRef = 1F1BC0C9205B68A700D8CFBE /* Main.storyboard */; };
		1F1BC0D0205B68A700D8CFBE /* LaunchScreen.storyboard in Resources */ = {isa = PBXBuildFile; fileRef = 1F1BC0CE205B68A700D8CFBE /* LaunchScreen.storyboard */; };
		1F38873B205BA7A6005BA2E3 /* MusicVC.swift in Sources */ = {isa = PBXBuildFile; fileRef = 1F38873A205BA7A6005BA2E3 /* MusicVC.swift */; };
		1F38873D205BA9A3005BA2E3 /* PromotionCell.swift in Sources */ = {isa = PBXBuildFile; fileRef = 1F38873C205BA9A3005BA2E3 /* PromotionCell.swift */; };
		1F38873F205BA9AF005BA2E3 /* ButtonCell.swift in Sources */ = {isa = PBXBuildFile; fileRef = 1F38873E205BA9AF005BA2E3 /* ButtonCell.swift */; };
		1F388741205BA9B9005BA2E3 /* AlbumCell.swift in Sources */ = {isa = PBXBuildFile; fileRef = 1F388740205BA9B9005BA2E3 /* AlbumCell.swift */; };
		1F388743205BC483005BA2E3 /* Static.xcassets in Resources */ = {isa = PBXBuildFile; fileRef = 1F388742205BC483005BA2E3 /* Static.xcassets */; };
		1FB89F3A205BF047008D947C /* albums.json in Resources */ = {isa = PBXBuildFile; fileRef = 1FB89F39205BF046008D947C /* albums.json */; };
		1FB89F3C205BF093008D947C /* Album.swift in Sources */ = {isa = PBXBuildFile; fileRef = 1FB89F3B205BF093008D947C /* Album.swift */; };
		1FB89F3E205BF69D008D947C /* AlbumVC.swift in Sources */ = {isa = PBXBuildFile; fileRef = 1FB89F3D205BF69D008D947C /* AlbumVC.swift */; };
		2840E4572066768200E64D18 /* PlaySongVC.swift in Sources */ = {isa = PBXBuildFile; fileRef = 2840E4562066768200E64D18 /* PlaySongVC.swift */; };
		2840E45920667D7300E64D18 /* Assets.xcassets in Resources */ = {isa = PBXBuildFile; fileRef = 2840E45820667D6800E64D18 /* Assets.xcassets */; };
		284E7BFF205D592400C67B1F /* SongCell.swift in Sources */ = {isa = PBXBuildFile; fileRef = 284E7BFE205D592400C67B1F /* SongCell.swift */; };
/* End PBXBuildFile section */

/* Begin PBXFileReference section */
		1F1BC0C2205B68A700D8CFBE /* MusicPlayer.app */ = {isa = PBXFileReference; explicitFileType = wrapper.application; includeInIndex = 0; path = MusicPlayer.app; sourceTree = BUILT_PRODUCTS_DIR; };
		1F1BC0C5205B68A700D8CFBE /* AppDelegate.swift */ = {isa = PBXFileReference; lastKnownFileType = sourcecode.swift; path = AppDelegate.swift; sourceTree = "<group>"; };
		1F1BC0C7205B68A700D8CFBE /* ViewController.swift */ = {isa = PBXFileReference; lastKnownFileType = sourcecode.swift; path = ViewController.swift; sourceTree = "<group>"; };
		1F1BC0CA205B68A700D8CFBE /* Base */ = {isa = PBXFileReference; lastKnownFileType = file.storyboard; name = Base; path = Base.lproj/Main.storyboard; sourceTree = "<group>"; };
		1F1BC0CF205B68A700D8CFBE /* Base */ = {isa = PBXFileReference; lastKnownFileType = file.storyboard; name = Base; path = Base.lproj/LaunchScreen.storyboard; sourceTree = "<group>"; };
		1F1BC0D1205B68A700D8CFBE /* Info.plist */ = {isa = PBXFileReference; lastKnownFileType = text.plist.xml; path = Info.plist; sourceTree = "<group>"; };
		1F38873A205BA7A6005BA2E3 /* MusicVC.swift */ = {isa = PBXFileReference; lastKnownFileType = sourcecode.swift; path = MusicVC.swift; sourceTree = "<group>"; };
		1F38873C205BA9A3005BA2E3 /* PromotionCell.swift */ = {isa = PBXFileReference; lastKnownFileType = sourcecode.swift; path = PromotionCell.swift; sourceTree = "<group>"; };
		1F38873E205BA9AF005BA2E3 /* ButtonCell.swift */ = {isa = PBXFileReference; lastKnownFileType = sourcecode.swift; path = ButtonCell.swift; sourceTree = "<group>"; };
		1F388740205BA9B9005BA2E3 /* AlbumCell.swift */ = {isa = PBXFileReference; lastKnownFileType = sourcecode.swift; path = AlbumCell.swift; sourceTree = "<group>"; };
		1F388742205BC483005BA2E3 /* Static.xcassets */ = {isa = PBXFileReference; lastKnownFileType = folder.assetcatalog; path = Static.xcassets; sourceTree = "<group>"; };
		1FB89F39205BF046008D947C /* albums.json */ = {isa = PBXFileReference; fileEncoding = 4; lastKnownFileType = text.json; path = albums.json; sourceTree = "<group>"; };
		1FB89F3B205BF093008D947C /* Album.swift */ = {isa = PBXFileReference; lastKnownFileType = sourcecode.swift; path = Album.swift; sourceTree = "<group>"; };
		1FB89F3D205BF69D008D947C /* AlbumVC.swift */ = {isa = PBXFileReference; lastKnownFileType = sourcecode.swift; path = AlbumVC.swift; sourceTree = "<group>"; };
		2840E4562066768200E64D18 /* PlaySongVC.swift */ = {isa = PBXFileReference; lastKnownFileType = sourcecode.swift; path = PlaySongVC.swift; sourceTree = "<group>"; };
		2840E45820667D6800E64D18 /* Assets.xcassets */ = {isa = PBXFileReference; lastKnownFileType = folder.assetcatalog; name = Assets.xcassets; path = /Users/icylydia/Documents/iOSClass/musicplayer/MusicPlayer/Assets.xcassets; sourceTree = "<absolute>"; };
		284E7BFE205D592400C67B1F /* SongCell.swift */ = {isa = PBXFileReference; lastKnownFileType = sourcecode.swift; path = SongCell.swift; sourceTree = "<group>"; };
/* End PBXFileReference section */

/* Begin PBXFrameworksBuildPhase section */
		1F1BC0BF205B68A700D8CFBE /* Frameworks */ = {
			isa = PBXFrameworksBuildPhase;
			buildActionMask = 2147483647;
			files = (
			);
			runOnlyForDeploymentPostprocessing = 0;
		};
/* End PBXFrameworksBuildPhase section */

/* Begin PBXGroup section */
		1F1BC0B9205B68A700D8CFBE = {
			isa = PBXGroup;
			children = (
				1F1BC0C4205B68A700D8CFBE /* MusicPlayer */,
				1F1BC0C3205B68A700D8CFBE /* Products */,
			);
			sourceTree = "<group>";
		};
		1F1BC0C3205B68A700D8CFBE /* Products */ = {
			isa = PBXGroup;
			children = (
				1F1BC0C2205B68A700D8CFBE /* MusicPlayer.app */,
			);
			name = Products;
			sourceTree = "<group>";
		};
		1F1BC0C4205B68A700D8CFBE /* MusicPlayer */ = {
			isa = PBXGroup;
			children = (
				1F1BC0C5205B68A700D8CFBE /* AppDelegate.swift */,
				1FB89F39205BF046008D947C /* albums.json */,
				1FB89F3B205BF093008D947C /* Album.swift */,
				1F1BC0C7205B68A700D8CFBE /* ViewController.swift */,
				1F38873A205BA7A6005BA2E3 /* MusicVC.swift */,
				1F38873C205BA9A3005BA2E3 /* PromotionCell.swift */,
				1F38873E205BA9AF005BA2E3 /* ButtonCell.swift */,
				1F388740205BA9B9005BA2E3 /* AlbumCell.swift */,
				1FB89F3D205BF69D008D947C /* AlbumVC.swift */,
				284E7BFE205D592400C67B1F /* SongCell.swift */,
				2840E4562066768200E64D18 /* PlaySongVC.swift */,
				1F1BC0C9205B68A700D8CFBE /* Main.storyboard */,
				2840E45820667D6800E64D18 /* Assets.xcassets */,
				1F388742205BC483005BA2E3 /* Static.xcassets */,
				1F1BC0CE205B68A700D8CFBE /* LaunchScreen.storyboard */,
				1F1BC0D1205B68A700D8CFBE /* Info.plist */,
			);
			path = MusicPlayer;
			sourceTree = "<group>";
		};
/* End PBXGroup section */

/* Begin PBXNativeTarget section */
		1F1BC0C1205B68A700D8CFBE /* MusicPlayer */ = {
			isa = PBXNativeTarget;
			buildConfigurationList = 1F1BC0D4205B68A700D8CFBE /* Build configuration list for PBXNativeTarget "MusicPlayer" */;
			buildPhases = (
				1F1BC0BE205B68A700D8CFBE /* Sources */,
				1F1BC0BF205B68A700D8CFBE /* Frameworks */,
				1F1BC0C0205B68A700D8CFBE /* Resources */,
			);
			buildRules = (
			);
			dependencies = (
			);
			name = MusicPlayer;
			productName = MusicPlayer;
			productReference = 1F1BC0C2205B68A700D8CFBE /* MusicPlayer.app */;
			productType = "com.apple.product-type.application";
		};
/* End PBXNativeTarget section */

/* Begin PBXProject section */
		1F1BC0BA205B68A700D8CFBE /* Project object */ = {
			isa = PBXProject;
			attributes = {
				LastSwiftUpdateCheck = 0920;
				LastUpgradeCheck = 0920;
				ORGANIZATIONNAME = ebuser;
				TargetAttributes = {
					1F1BC0C1205B68A700D8CFBE = {
						CreatedOnToolsVersion = 9.2;
						ProvisioningStyle = Automatic;
					};
				};
			};
			buildConfigurationList = 1F1BC0BD205B68A700D8CFBE /* Build configuration list for PBXProject "MusicPlayer" */;
			compatibilityVersion = "Xcode 8.0";
			developmentRegion = en;
			hasScannedForEncodings = 0;
			knownRegions = (
				en,
				Base,
			);
			mainGroup = 1F1BC0B9205B68A700D8CFBE;
			productRefGroup = 1F1BC0C3205B68A700D8CFBE /* Products */;
			projectDirPath = "";
			projectRoot = "";
			targets = (
				1F1BC0C1205B68A700D8CFBE /* MusicPlayer */,
			);
		};
/* End PBXProject section */

/* Begin PBXResourcesBuildPhase section */
		1F1BC0C0205B68A700D8CFBE /* Resources */ = {
			isa = PBXResourcesBuildPhase;
			buildActionMask = 2147483647;
			files = (
				1F1BC0D0205B68A700D8CFBE /* LaunchScreen.storyboard in Resources */,
				1FB89F3A205BF047008D947C /* albums.json in Resources */,
				1F1BC0CB205B68A700D8CFBE /* Main.storyboard in Resources */,
				1F388743205BC483005BA2E3 /* Static.xcassets in Resources */,
				2840E45920667D7300E64D18 /* Assets.xcassets in Resources */,
			);
			runOnlyForDeploymentPostprocessing = 0;
		};
/* End PBXResourcesBuildPhase section */

/* Begin PBXSourcesBuildPhase section */
		1F1BC0BE205B68A700D8CFBE /* Sources */ = {
			isa = PBXSourcesBuildPhase;
			buildActionMask = 2147483647;
			files = (
				1F1BC0C8205B68A700D8CFBE /* ViewController.swift in Sources */,
				2840E4572066768200E64D18 /* PlaySongVC.swift in Sources */,
				1F38873D205BA9A3005BA2E3 /* PromotionCell.swift in Sources */,
				1FB89F3E205BF69D008D947C /* AlbumVC.swift in Sources */,
				1F1BC0C6205B68A700D8CFBE /* AppDelegate.swift in Sources */,
				1F38873F205BA9AF005BA2E3 /* ButtonCell.swift in Sources */,
				1F38873B205BA7A6005BA2E3 /* MusicVC.swift in Sources */,
				1FB89F3C205BF093008D947C /* Album.swift in Sources */,
				284E7BFF205D592400C67B1F /* SongCell.swift in Sources */,
				1F388741205BA9B9005BA2E3 /* AlbumCell.swift in Sources */,
			);
			runOnlyForDeploymentPostprocessing = 0;
		};
/* End PBXSourcesBuildPhase section */

/* Begin PBXVariantGroup section */
		1F1BC0C9205B68A700D8CFBE /* Main.storyboard */ = {
			isa = PBXVariantGroup;
			children = (
				1F1BC0CA205B68A700D8CFBE /* Base */,
			);
			name = Main.storyboard;
			sourceTree = "<group>";
		};
		1F1BC0CE205B68A700D8CFBE /* LaunchScreen.storyboard */ = {
			isa = PBXVariantGroup;
			children = (
				1F1BC0CF205B68A700D8CFBE /* Base */,
			);
			name = LaunchScreen.storyboard;
			sourceTree = "<group>";
		};
/* End PBXVariantGroup section */

/* Begin XCBuildConfiguration section */
		1F1BC0D2205B68A700D8CFBE /* Debug */ = {
			isa = XCBuildConfiguration;
			buildSettings = {
				ALWAYS_SEARCH_USER_PATHS = NO;
				CLANG_ANALYZER_NONNULL = YES;
				CLANG_ANALYZER_NUMBER_OBJECT_CONVERSION = YES_AGGRESSIVE;
				CLANG_CXX_LANGUAGE_STANDARD = "gnu++14";
				CLANG_CXX_LIBRARY = "libc++";
				CLANG_ENABLE_MODULES = YES;
				CLANG_ENABLE_OBJC_ARC = YES;
				CLANG_WARN_BLOCK_CAPTURE_AUTORELEASING = YES;
				CLANG_WARN_BOOL_CONVERSION = YES;
				CLANG_WARN_COMMA = YES;
				CLANG_WARN_CONSTANT_CONVERSION = YES;
				CLANG_WARN_DIRECT_OBJC_ISA_USAGE = YES_ERROR;
				CLANG_WARN_DOCUMENTATION_COMMENTS = YES;
				CLANG_WARN_EMPTY_BODY = YES;
				CLANG_WARN_ENUM_CONVERSION = YES;
				CLANG_WARN_INFINITE_RECURSION = YES;
				CLANG_WARN_INT_CONVERSION = YES;
				CLANG_WARN_NON_LITERAL_NULL_CONVERSION = YES;
				CLANG_WARN_OBJC_LITERAL_CONVERSION = YES;
				CLANG_WARN_OBJC_ROOT_CLASS = YES_ERROR;
				CLANG_WARN_RANGE_LOOP_ANALYSIS = YES;
				CLANG_WARN_STRICT_PROTOTYPES = YES;
				CLANG_WARN_SUSPICIOUS_MOVE = YES;
				CLANG_WARN_UNGUARDED_AVAILABILITY = YES_AGGRESSIVE;
				CLANG_WARN_UNREACHABLE_CODE = YES;
				CLANG_WARN__DUPLICATE_METHOD_MATCH = YES;
				CODE_SIGN_IDENTITY = "iPhone Developer";
				COPY_PHASE_STRIP = NO;
				DEBUG_INFORMATION_FORMAT = dwarf;
				ENABLE_STRICT_OBJC_MSGSEND = YES;
				ENABLE_TESTABILITY = YES;
				GCC_C_LANGUAGE_STANDARD = gnu11;
				GCC_DYNAMIC_NO_PIC = NO;
				GCC_NO_COMMON_BLOCKS = YES;
				GCC_OPTIMIZATION_LEVEL = 0;
				GCC_PREPROCESSOR_DEFINITIONS = (
					"DEBUG=1",
					"$(inherited)",
				);
				GCC_WARN_64_TO_32_BIT_CONVERSION = YES;
				GCC_WARN_ABOUT_RETURN_TYPE = YES_ERROR;
				GCC_WARN_UNDECLARED_SELECTOR = YES;
				GCC_WARN_UNINITIALIZED_AUTOS = YES_AGGRESSIVE;
				GCC_WARN_UNUSED_FUNCTION = YES;
				GCC_WARN_UNUSED_VARIABLE = YES;
				IPHONEOS_DEPLOYMENT_TARGET = 11.2;
				MTL_ENABLE_DEBUG_INFO = YES;
				ONLY_ACTIVE_ARCH = YES;
				SDKROOT = iphoneos;
				SWIFT_ACTIVE_COMPILATION_CONDITIONS = DEBUG;
				SWIFT_OPTIMIZATION_LEVEL = "-Onone";
			};
			name = Debug;
		};
		1F1BC0D3205B68A700D8CFBE /* Release */ = {
			isa = XCBuildConfiguration;
			buildSettings = {
				ALWAYS_SEARCH_USER_PATHS = NO;
				CLANG_ANALYZER_NONNULL = YES;
				CLANG_ANALYZER_NUMBER_OBJECT_CONVERSION = YES_AGGRESSIVE;
				CLANG_CXX_LANGUAGE_STANDARD = "gnu++14";
				CLANG_CXX_LIBRARY = "libc++";
				CLANG_ENABLE_MODULES = YES;
				CLANG_ENABLE_OBJC_ARC = YES;
				CLANG_WARN_BLOCK_CAPTURE_AUTORELEASING = YES;
				CLANG_WARN_BOOL_CONVERSION = YES;
				CLANG_WARN_COMMA = YES;
				CLANG_WARN_CONSTANT_CONVERSION = YES;
				CLANG_WARN_DIRECT_OBJC_ISA_USAGE = YES_ERROR;
				CLANG_WARN_DOCUMENTATION_COMMENTS = YES;
				CLANG_WARN_EMPTY_BODY = YES;
				CLANG_WARN_ENUM_CONVERSION = YES;
				CLANG_WARN_INFINITE_RECURSION = YES;
				CLANG_WARN_INT_CONVERSION = YES;
				CLANG_WARN_NON_LITERAL_NULL_CONVERSION = YES;
				CLANG_WARN_OBJC_LITERAL_CONVERSION = YES;
				CLANG_WARN_OBJC_ROOT_CLASS = YES_ERROR;
				CLANG_WARN_RANGE_LOOP_ANALYSIS = YES;
				CLANG_WARN_STRICT_PROTOTYPES = YES;
				CLANG_WARN_SUSPICIOUS_MOVE = YES;
				CLANG_WARN_UNGUARDED_AVAILABILITY = YES_AGGRESSIVE;
				CLANG_WARN_UNREACHABLE_CODE = YES;
				CLANG_WARN__DUPLICATE_METHOD_MATCH = YES;
				CODE_SIGN_IDENTITY = "iPhone Developer";
				COPY_PHASE_STRIP = NO;
				DEBUG_INFORMATION_FORMAT = "dwarf-with-dsym";
				ENABLE_NS_ASSERTIONS = NO;
				ENABLE_STRICT_OBJC_MSGSEND = YES;
				GCC_C_LANGUAGE_STANDARD = gnu11;
				GCC_NO_COMMON_BLOCKS = YES;
				GCC_WARN_64_TO_32_BIT_CONVERSION = YES;
				GCC_WARN_ABOUT_RETURN_TYPE = YES_ERROR;
				GCC_WARN_UNDECLARED_SELECTOR = YES;
				GCC_WARN_UNINITIALIZED_AUTOS = YES_AGGRESSIVE;
				GCC_WARN_UNUSED_FUNCTION = YES;
				GCC_WARN_UNUSED_VARIABLE = YES;
				IPHONEOS_DEPLOYMENT_TARGET = 11.2;
				MTL_ENABLE_DEBUG_INFO = NO;
				SDKROOT = iphoneos;
				SWIFT_OPTIMIZATION_LEVEL = "-Owholemodule";
				VALIDATE_PRODUCT = YES;
			};
			name = Release;
		};
		1F1BC0D5205B68A700D8CFBE /* Debug */ = {
			isa = XCBuildConfiguration;
			buildSettings = {
				ASSETCATALOG_COMPILER_APPICON_NAME = AppIcon;
				CODE_SIGN_STYLE = Automatic;
				DEVELOPMENT_TEAM = 6P96PVYDRL;
				INFOPLIST_FILE = MusicPlayer/Info.plist;
				LD_RUNPATH_SEARCH_PATHS = "$(inherited) @executable_path/Frameworks";
				PRODUCT_BUNDLE_IDENTIFIER = "jp.co.e-business.MusicPlayer";
				PRODUCT_NAME = "$(TARGET_NAME)";
				SWIFT_VERSION = 4.0;
				TARGETED_DEVICE_FAMILY = "1,2";
			};
			name = Debug;
		};
		1F1BC0D6205B68A700D8CFBE /* Release */ = {
			isa = XCBuildConfiguration;
			buildSettings = {
				ASSETCATALOG_COMPILER_APPICON_NAME = AppIcon;
				CODE_SIGN_STYLE = Automatic;
				DEVELOPMENT_TEAM = 6P96PVYDRL;
				INFOPLIST_FILE = MusicPlayer/Info.plist;
				LD_RUNPATH_SEARCH_PATHS = "$(inherited) @executable_path/Frameworks";
				PRODUCT_BUNDLE_IDENTIFIER = "jp.co.e-business.MusicPlayer";
				PRODUCT_NAME = "$(TARGET_NAME)";
				SWIFT_VERSION = 4.0;
				TARGETED_DEVICE_FAMILY = "1,2";
			};
			name = Release;
		};
/* End XCBuildConfiguration section */

/* Begin XCConfigurationList section */
		1F1BC0BD205B68A700D8CFBE /* Build configuration list for PBXProject "MusicPlayer" */ = {
			isa = XCConfigurationList;
			buildConfigurations = (
				1F1BC0D2205B68A700D8CFBE /* Debug */,
				1F1BC0D3205B68A700D8CFBE /* Release */,
			);
			defaultConfigurationIsVisible = 0;
			defaultConfigurationName = Release;
		};
		1F1BC0D4205B68A700D8CFBE /* Build configuration list for PBXNativeTarget "MusicPlayer" */ = {
			isa = XCConfigurationList;
			buildConfigurations = (
				1F1BC0D5205B68A700D8CFBE /* Debug */,
				1F1BC0D6205B68A700D8CFBE /* Release */,
			);
			defaultConfigurationIsVisible = 0;
			defaultConfigurationName = Release;
		};
/* End XCConfigurationList section */
	};
	rootObject = 1F1BC0BA205B68A700D8CFBE /* Project object */;
}
